
Microsoft Visual Studio Solution File, Format Version 12.00
# Visual Studio 15
VisualStudioVersion = 15.0.28010.2046
MinimumVisualStudioVersion = 10.0.40219.1
Project("{FAE04EC0-301F-11D3-BF4B-00C04F79EFBC}") = "WpfApp2", "WpfApp2\WpfApp2.csproj", "{A3FA7DD3-01F1-444F-B324-74559128F017}"
EndProject
Global
	GlobalSection(SolutionConfigurationPlatforms) = preSolution
		Debug|Any CPU = Debug|Any CPU
		Release|Any CPU = Release|Any CPU
	EndGlobalSection
	GlobalSection(ProjectConfigurationPlatforms) = postSolution
		{A3FA7DD3-01F1-444F-B324-74559128F017}.Debug|Any CPU.ActiveCfg = Debug|Any CPU
		{A3FA7DD3-01F1-444F-B324-74559128F017}.Debug|Any CPU.Build.0 = Debug|Any CPU
		{A3FA7DD3-01F1-444F-B324-74559128F017}.Release|Any CPU.ActiveCfg = Release|Any CPU
		{A3FA7DD3-01F1-444F-B324-74559128F017}.Release|Any CPU.Build.0 = Release|Any CPU
	EndGlobalSection
	GlobalSection(SolutionProperties) = preSolution
		HideSolutionNode = FALSE
	EndGlobalSection
	GlobalSection(ExtensibilityGlobals) = postSolution
		SolutionGuid = {4E714773-D484-47EF-9DA7-E7429817C5A9}
	EndGlobalSection
EndGlobal
