
Microsoft Visual Studio Solution File, Format Version 12.00
# Visual Studio 15
VisualStudioVersion = 15.0.28010.2046
MinimumVisualStudioVersion = 10.0.40219.1
Project("{FAE04EC0-301F-11D3-BF4B-00C04F79EFBC}") = "helloConsole", "helloConsole\helloConsole.csproj", "{63ADBFA4-3247-4389-8CFB-D262B6BB8F41}"
EndProject
Global
	GlobalSection(SolutionConfigurationPlatforms) = preSolution
		Debug|Any CPU = Debug|Any CPU
		Release|Any CPU = Release|Any CPU
	EndGlobalSection
	GlobalSection(ProjectConfigurationPlatforms) = postSolution
		{63ADBFA4-3247-4389-8CFB-D262B6BB8F41}.Debug|Any CPU.ActiveCfg = Debug|Any CPU
		{63ADBFA4-3247-4389-8CFB-D262B6BB8F41}.Debug|Any CPU.Build.0 = Debug|Any CPU
		{63ADBFA4-3247-4389-8CFB-D262B6BB8F41}.Release|Any CPU.ActiveCfg = Release|Any CPU
		{63ADBFA4-3247-4389-8CFB-D262B6BB8F41}.Release|Any CPU.Build.0 = Release|Any CPU
	EndGlobalSection
	GlobalSection(SolutionProperties) = preSolution
		HideSolutionNode = FALSE
	EndGlobalSection
	GlobalSection(ExtensibilityGlobals) = postSolution
		SolutionGuid = {FEC62075-C28C-4031-A963-531E92043C71}
	EndGlobalSection
EndGlobal
